// !$*UTF8*$!
{
	archiveVersion = 1;
	classes = {
	};
	objectVersion = 46;
	objects = {

/* Begin PBXBuildFile section */
		704E90331D0F4B6B0031DE78 /* AppDelegate.swift in Sources */ = {isa = PBXBuildFile; fileRef = 704E90321D0F4B6B0031DE78 /* AppDelegate.swift */; };
		704E90351D0F4B6B0031DE78 /* ViewController.swift in Sources */ = {isa = PBXBuildFile; fileRef = 704E90341D0F4B6B0031DE78 /* ViewController.swift */; };
		704E90381D0F4B6B0031DE78 /* Main.storyboard in Resources */ = {isa = PBXBuildFile; fileRef = 704E90361D0F4B6B0031DE78 /* Main.storyboard */; };
		704E903A1D0F4B6B0031DE78 /* Assets.xcassets in Resources */ = {isa = PBXBuildFile; fileRef = 704E90391D0F4B6B0031DE78 /* Assets.xcassets */; };
		704E903D1D0F4B6B0031DE78 /* LaunchScreen.storyboard in Resources */ = {isa = PBXBuildFile; fileRef = 704E903B1D0F4B6B0031DE78 /* LaunchScreen.storyboard */; };
		704E90451D0F4CA30031DE78 /* tweet.json in Resources */ = {isa = PBXBuildFile; fileRef = 704E90441D0F4CA30031DE78 /* tweet.json */; };
		704E904B1D0F4E200031DE78 /* Tweet.swift in Sources */ = {isa = PBXBuildFile; fileRef = 704E904A1D0F4E200031DE78 /* Tweet.swift */; };
		704E904D1D0F4E2D0031DE78 /* User.swift in Sources */ = {isa = PBXBuildFile; fileRef = 704E904C1D0F4E2D0031DE78 /* User.swift */; };
		704E904F1D0F51A00031DE78 /* JSONParser.swift in Sources */ = {isa = PBXBuildFile; fileRef = 704E904E1D0F51A00031DE78 /* JSONParser.swift */; };
		704E90541D10A4B30031DE78 /* API.swift in Sources */ = {isa = PBXBuildFile; fileRef = 704E90531D10A4B30031DE78 /* API.swift */; };
		704E90741D11FE2F0031DE78 /* DetailViewController.swift in Sources */ = {isa = PBXBuildFile; fileRef = 704E90731D11FE2F0031DE78 /* DetailViewController.swift */; };
		704E90761D1202230031DE78 /* Identity.swift in Sources */ = {isa = PBXBuildFile; fileRef = 704E90751D1202230031DE78 /* Identity.swift */; };
		704E90781D122B600031DE78 /* ProfileViewController.swift in Sources */ = {isa = PBXBuildFile; fileRef = 704E90771D122B600031DE78 /* ProfileViewController.swift */; };
/* End PBXBuildFile section */

/* Begin PBXFileReference section */
		704E902F1D0F4B6B0031DE78 /* TwitterClone.app */ = {isa = PBXFileReference; explicitFileType = wrapper.application; includeInIndex = 0; path = TwitterClone.app; sourceTree = BUILT_PRODUCTS_DIR; };
		704E90321D0F4B6B0031DE78 /* AppDelegate.swift */ = {isa = PBXFileReference; lastKnownFileType = sourcecode.swift; path = AppDelegate.swift; sourceTree = "<group>"; };
		704E90341D0F4B6B0031DE78 /* ViewController.swift */ = {isa = PBXFileReference; lastKnownFileType = sourcecode.swift; path = ViewController.swift; sourceTree = "<group>"; };
		704E90371D0F4B6B0031DE78 /* Base */ = {isa = PBXFileReference; lastKnownFileType = file.storyboard; name = Base; path = Base.lproj/Main.storyboard; sourceTree = "<group>"; };
		704E90391D0F4B6B0031DE78 /* Assets.xcassets */ = {isa = PBXFileReference; lastKnownFileType = folder.assetcatalog; path = Assets.xcassets; sourceTree = "<group>"; };
		704E903C1D0F4B6B0031DE78 /* Base */ = {isa = PBXFileReference; lastKnownFileType = file.storyboard; name = Base; path = Base.lproj/LaunchScreen.storyboard; sourceTree = "<group>"; };
		704E903E1D0F4B6B0031DE78 /* Info.plist */ = {isa = PBXFileReference; lastKnownFileType = text.plist.xml; path = Info.plist; sourceTree = "<group>"; };
		704E90441D0F4CA30031DE78 /* tweet.json */ = {isa = PBXFileReference; fileEncoding = 4; lastKnownFileType = text.json; name = tweet.json; path = "../../class-1/lecture/tweet.json"; sourceTree = "<group>"; };
		704E904A1D0F4E200031DE78 /* Tweet.swift */ = {isa = PBXFileReference; fileEncoding = 4; lastKnownFileType = sourcecode.swift; path = Tweet.swift; sourceTree = "<group>"; };
		704E904C1D0F4E2D0031DE78 /* User.swift */ = {isa = PBXFileReference; fileEncoding = 4; lastKnownFileType = sourcecode.swift; path = User.swift; sourceTree = "<group>"; };
		704E904E1D0F51A00031DE78 /* JSONParser.swift */ = {isa = PBXFileReference; fileEncoding = 4; lastKnownFileType = sourcecode.swift; path = JSONParser.swift; sourceTree = "<group>"; };
		704E90531D10A4B30031DE78 /* API.swift */ = {isa = PBXFileReference; fileEncoding = 4; lastKnownFileType = sourcecode.swift; path = API.swift; sourceTree = "<group>"; };
		704E90731D11FE2F0031DE78 /* DetailViewController.swift */ = {isa = PBXFileReference; fileEncoding = 4; lastKnownFileType = sourcecode.swift; path = DetailViewController.swift; sourceTree = "<group>"; };
		704E90751D1202230031DE78 /* Identity.swift */ = {isa = PBXFileReference; fileEncoding = 4; lastKnownFileType = sourcecode.swift; path = Identity.swift; sourceTree = "<group>"; };
		704E90771D122B600031DE78 /* ProfileViewController.swift */ = {isa = PBXFileReference; fileEncoding = 4; lastKnownFileType = sourcecode.swift; path = ProfileViewController.swift; sourceTree = "<group>"; };
/* End PBXFileReference section */

/* Begin PBXFrameworksBuildPhase section */
		704E902C1D0F4B6B0031DE78 /* Frameworks */ = {
			isa = PBXFrameworksBuildPhase;
			buildActionMask = 2147483647;
			files = (
			);
			runOnlyForDeploymentPostprocessing = 0;
		};
/* End PBXFrameworksBuildPhase section */

/* Begin PBXGroup section */
		704E90261D0F4B6B0031DE78 = {
			isa = PBXGroup;
			children = (
				704E90311D0F4B6B0031DE78 /* TwitterClone */,
				704E90301D0F4B6B0031DE78 /* Products */,
			);
			sourceTree = "<group>";
		};
		704E90301D0F4B6B0031DE78 /* Products */ = {
			isa = PBXGroup;
			children = (
				704E902F1D0F4B6B0031DE78 /* TwitterClone.app */,
			);
			name = Products;
			sourceTree = "<group>";
		};
		704E90311D0F4B6B0031DE78 /* TwitterClone */ = {
			isa = PBXGroup;
			children = (
				704E90461D0F4CC00031DE78 /* App Global */,
				704E90471D0F4CE10031DE78 /* Controller */,
				704E90491D0F4DC40031DE78 /* Model */,
				704E90501D0F55360031DE78 /* Utilities */,
				704E90481D0F4D460031DE78 /* View */,
			);
			path = TwitterClone;
			sourceTree = "<group>";
		};
		704E90461D0F4CC00031DE78 /* App Global */ = {
			isa = PBXGroup;
			children = (
				704E90321D0F4B6B0031DE78 /* AppDelegate.swift */,
				704E903E1D0F4B6B0031DE78 /* Info.plist */,
				704E90441D0F4CA30031DE78 /* tweet.json */,
				704E90751D1202230031DE78 /* Identity.swift */,
			);
			name = "App Global";
			sourceTree = "<group>";
		};
		704E90471D0F4CE10031DE78 /* Controller */ = {
			isa = PBXGroup;
			children = (
				704E90341D0F4B6B0031DE78 /* ViewController.swift */,
				704E90731D11FE2F0031DE78 /* DetailViewController.swift */,
				704E90771D122B600031DE78 /* ProfileViewController.swift */,
			);
			name = Controller;
			sourceTree = "<group>";
		};
		704E90481D0F4D460031DE78 /* View */ = {
			isa = PBXGroup;
			children = (
				704E90361D0F4B6B0031DE78 /* Main.storyboard */,
				704E90391D0F4B6B0031DE78 /* Assets.xcassets */,
				704E903B1D0F4B6B0031DE78 /* LaunchScreen.storyboard */,
			);
			name = View;
			sourceTree = "<group>";
		};
		704E90491D0F4DC40031DE78 /* Model */ = {
			isa = PBXGroup;
			children = (
				704E904A1D0F4E200031DE78 /* Tweet.swift */,
				704E904C1D0F4E2D0031DE78 /* User.swift */,
			);
			name = Model;
			sourceTree = "<group>";
		};
		704E90501D0F55360031DE78 /* Utilities */ = {
			isa = PBXGroup;
			children = (
				704E904E1D0F51A00031DE78 /* JSONParser.swift */,
				704E90531D10A4B30031DE78 /* API.swift */,
			);
			name = Utilities;
			sourceTree = "<group>";
		};
/* End PBXGroup section */

/* Begin PBXNativeTarget section */
		704E902E1D0F4B6B0031DE78 /* TwitterClone */ = {
			isa = PBXNativeTarget;
			buildConfigurationList = 704E90411D0F4B6B0031DE78 /* Build configuration list for PBXNativeTarget "TwitterClone" */;
			buildPhases = (
				704E902B1D0F4B6B0031DE78 /* Sources */,
				704E902C1D0F4B6B0031DE78 /* Frameworks */,
				704E902D1D0F4B6B0031DE78 /* Resources */,
			);
			buildRules = (
			);
			dependencies = (
			);
			name = TwitterClone;
			productName = TwitterClone;
			productReference = 704E902F1D0F4B6B0031DE78 /* TwitterClone.app */;
			productType = "com.apple.product-type.application";
		};
/* End PBXNativeTarget section */

/* Begin PBXProject section */
		704E90271D0F4B6B0031DE78 /* Project object */ = {
			isa = PBXProject;
			attributes = {
				LastSwiftUpdateCheck = 0730;
				LastUpgradeCheck = 0730;
				ORGANIZATIONNAME = "Jeremy Moore";
				TargetAttributes = {
					704E902E1D0F4B6B0031DE78 = {
						CreatedOnToolsVersion = 7.3.1;
					};
				};
			};
			buildConfigurationList = 704E902A1D0F4B6B0031DE78 /* Build configuration list for PBXProject "TwitterClone" */;
			compatibilityVersion = "Xcode 3.2";
			developmentRegion = English;
			hasScannedForEncodings = 0;
			knownRegions = (
				en,
				Base,
			);
			mainGroup = 704E90261D0F4B6B0031DE78;
			productRefGroup = 704E90301D0F4B6B0031DE78 /* Products */;
			projectDirPath = "";
			projectRoot = "";
			targets = (
				704E902E1D0F4B6B0031DE78 /* TwitterClone */,
			);
		};
/* End PBXProject section */

/* Begin PBXResourcesBuildPhase section */
		704E902D1D0F4B6B0031DE78 /* Resources */ = {
			isa = PBXResourcesBuildPhase;
			buildActionMask = 2147483647;
			files = (
				704E903D1D0F4B6B0031DE78 /* LaunchScreen.storyboard in Resources */,
				704E903A1D0F4B6B0031DE78 /* Assets.xcassets in Resources */,
				704E90381D0F4B6B0031DE78 /* Main.storyboard in Resources */,
				704E90451D0F4CA30031DE78 /* tweet.json in Resources */,
			);
			runOnlyForDeploymentPostprocessing = 0;
		};
/* End PBXResourcesBuildPhase section */

/* Begin PBXSourcesBuildPhase section */
		704E902B1D0F4B6B0031DE78 /* Sources */ = {
			isa = PBXSourcesBuildPhase;
			buildActionMask = 2147483647;
			files = (
				704E904D1D0F4E2D0031DE78 /* User.swift in Sources */,
				704E904F1D0F51A00031DE78 /* JSONParser.swift in Sources */,
				704E904B1D0F4E200031DE78 /* Tweet.swift in Sources */,
				704E90761D1202230031DE78 /* Identity.swift in Sources */,
				704E90351D0F4B6B0031DE78 /* ViewController.swift in Sources */,
				704E90541D10A4B30031DE78 /* API.swift in Sources */,
				704E90781D122B600031DE78 /* ProfileViewController.swift in Sources */,
				704E90331D0F4B6B0031DE78 /* AppDelegate.swift in Sources */,
				704E90741D11FE2F0031DE78 /* DetailViewController.swift in Sources */,
			);
			runOnlyForDeploymentPostprocessing = 0;
		};
/* End PBXSourcesBuildPhase section */

/* Begin PBXVariantGroup section */
		704E90361D0F4B6B0031DE78 /* Main.storyboard */ = {
			isa = PBXVariantGroup;
			children = (
				704E90371D0F4B6B0031DE78 /* Base */,
			);
			name = Main.storyboard;
			sourceTree = "<group>";
		};
		704E903B1D0F4B6B0031DE78 /* LaunchScreen.storyboard */ = {
			isa = PBXVariantGroup;
			children = (
				704E903C1D0F4B6B0031DE78 /* Base */,
			);
			name = LaunchScreen.storyboard;
			sourceTree = "<group>";
		};
/* End PBXVariantGroup section */

/* Begin XCBuildConfiguration section */
		704E903F1D0F4B6B0031DE78 /* Debug */ = {
			isa = XCBuildConfiguration;
			buildSettings = {
				ALWAYS_SEARCH_USER_PATHS = NO;
				CLANG_ANALYZER_NONNULL = YES;
				CLANG_CXX_LANGUAGE_STANDARD = "gnu++0x";
				CLANG_CXX_LIBRARY = "libc++";
				CLANG_ENABLE_MODULES = YES;
				CLANG_ENABLE_OBJC_ARC = YES;
				CLANG_WARN_BOOL_CONVERSION = YES;
				CLANG_WARN_CONSTANT_CONVERSION = YES;
				CLANG_WARN_DIRECT_OBJC_ISA_USAGE = YES_ERROR;
				CLANG_WARN_EMPTY_BODY = YES;
				CLANG_WARN_ENUM_CONVERSION = YES;
				CLANG_WARN_INT_CONVERSION = YES;
				CLANG_WARN_OBJC_ROOT_CLASS = YES_ERROR;
				CLANG_WARN_UNREACHABLE_CODE = YES;
				CLANG_WARN__DUPLICATE_METHOD_MATCH = YES;
				"CODE_SIGN_IDENTITY[sdk=iphoneos*]" = "iPhone Developer";
				COPY_PHASE_STRIP = NO;
				DEBUG_INFORMATION_FORMAT = dwarf;
				ENABLE_STRICT_OBJC_MSGSEND = YES;
				ENABLE_TESTABILITY = YES;
				GCC_C_LANGUAGE_STANDARD = gnu99;
				GCC_DYNAMIC_NO_PIC = NO;
				GCC_NO_COMMON_BLOCKS = YES;
				GCC_OPTIMIZATION_LEVEL = 0;
				GCC_PREPROCESSOR_DEFINITIONS = (
					"DEBUG=1",
					"$(inherited)",
				);
				GCC_WARN_64_TO_32_BIT_CONVERSION = YES;
				GCC_WARN_ABOUT_RETURN_TYPE = YES_ERROR;
				GCC_WARN_UNDECLARED_SELECTOR = YES;
				GCC_WARN_UNINITIALIZED_AUTOS = YES_AGGRESSIVE;
				GCC_WARN_UNUSED_FUNCTION = YES;
				GCC_WARN_UNUSED_VARIABLE = YES;
				IPHONEOS_DEPLOYMENT_TARGET = 9.3;
				MTL_ENABLE_DEBUG_INFO = YES;
				ONLY_ACTIVE_ARCH = YES;
				SDKROOT = iphoneos;
				SWIFT_OPTIMIZATION_LEVEL = "-Onone";
				TARGETED_DEVICE_FAMILY = "1,2";
			};
			name = Debug;
		};
		704E90401D0F4B6B0031DE78 /* Release */ = {
			isa = XCBuildConfiguration;
			buildSettings = {
				ALWAYS_SEARCH_USER_PATHS = NO;
				CLANG_ANALYZER_NONNULL = YES;
				CLANG_CXX_LANGUAGE_STANDARD = "gnu++0x";
				CLANG_CXX_LIBRARY = "libc++";
				CLANG_ENABLE_MODULES = YES;
				CLANG_ENABLE_OBJC_ARC = YES;
				CLANG_WARN_BOOL_CONVERSION = YES;
				CLANG_WARN_CONSTANT_CONVERSION = YES;
				CLANG_WARN_DIRECT_OBJC_ISA_USAGE = YES_ERROR;
				CLANG_WARN_EMPTY_BODY = YES;
				CLANG_WARN_ENUM_CONVERSION = YES;
				CLANG_WARN_INT_CONVERSION = YES;
				CLANG_WARN_OBJC_ROOT_CLASS = YES_ERROR;
				CLANG_WARN_UNREACHABLE_CODE = YES;
				CLANG_WARN__DUPLICATE_METHOD_MATCH = YES;
				"CODE_SIGN_IDENTITY[sdk=iphoneos*]" = "iPhone Developer";
				COPY_PHASE_STRIP = NO;
				DEBUG_INFORMATION_FORMAT = "dwarf-with-dsym";
				ENABLE_NS_ASSERTIONS = NO;
				ENABLE_STRICT_OBJC_MSGSEND = YES;
				GCC_C_LANGUAGE_STANDARD = gnu99;
				GCC_NO_COMMON_BLOCKS = YES;
				GCC_WARN_64_TO_32_BIT_CONVERSION = YES;
				GCC_WARN_ABOUT_RETURN_TYPE = YES_ERROR;
				GCC_WARN_UNDECLARED_SELECTOR = YES;
				GCC_WARN_UNINITIALIZED_AUTOS = YES_AGGRESSIVE;
				GCC_WARN_UNUSED_FUNCTION = YES;
				GCC_WARN_UNUSED_VARIABLE = YES;
				IPHONEOS_DEPLOYMENT_TARGET = 9.3;
				MTL_ENABLE_DEBUG_INFO = NO;
				SDKROOT = iphoneos;
				TARGETED_DEVICE_FAMILY = "1,2";
				VALIDATE_PRODUCT = YES;
			};
			name = Release;
		};
		704E90421D0F4B6B0031DE78 /* Debug */ = {
			isa = XCBuildConfiguration;
			buildSettings = {
				ASSETCATALOG_COMPILER_APPICON_NAME = AppIcon;
				INFOPLIST_FILE = TwitterClone/Info.plist;
				LD_RUNPATH_SEARCH_PATHS = "$(inherited) @executable_path/Frameworks";
				PRODUCT_BUNDLE_IDENTIFIER = "Moore-and-Daughters.TwitterClone";
				PRODUCT_NAME = "$(TARGET_NAME)";
			};
			name = Debug;
		};
		704E90431D0F4B6B0031DE78 /* Release */ = {
			isa = XCBuildConfiguration;
			buildSettings = {
				ASSETCATALOG_COMPILER_APPICON_NAME = AppIcon;
				INFOPLIST_FILE = TwitterClone/Info.plist;
				LD_RUNPATH_SEARCH_PATHS = "$(inherited) @executable_path/Frameworks";
				PRODUCT_BUNDLE_IDENTIFIER = "Moore-and-Daughters.TwitterClone";
				PRODUCT_NAME = "$(TARGET_NAME)";
			};
			name = Release;
		};
/* End XCBuildConfiguration section */

/* Begin XCConfigurationList section */
		704E902A1D0F4B6B0031DE78 /* Build configuration list for PBXProject "TwitterClone" */ = {
			isa = XCConfigurationList;
			buildConfigurations = (
				704E903F1D0F4B6B0031DE78 /* Debug */,
				704E90401D0F4B6B0031DE78 /* Release */,
			);
			defaultConfigurationIsVisible = 0;
			defaultConfigurationName = Release;
		};
		704E90411D0F4B6B0031DE78 /* Build configuration list for PBXNativeTarget "TwitterClone" */ = {
			isa = XCConfigurationList;
			buildConfigurations = (
				704E90421D0F4B6B0031DE78 /* Debug */,
				704E90431D0F4B6B0031DE78 /* Release */,
			);
			defaultConfigurationIsVisible = 0;
			defaultConfigurationName = Release;
		};
/* End XCConfigurationList section */
	};
	rootObject = 704E90271D0F4B6B0031DE78 /* Project object */;
}
